
Microsoft Visual Studio Solution File, Format Version 12.00
# Visual Studio Version 17
VisualStudioVersion = 17.0.31903.59
MinimumVisualStudioVersion = 10.0.40219.1
Project("{FAE04EC0-301F-11D3-BF4B-00C04F79EFBC}") = "Swachify.Api", "src\Swachify.Api\Swachify.Api.csproj", "{D522E77A-D5BB-EC85-31D3-4041A01000CC}"
EndProject
Project("{FAE04EC0-301F-11D3-BF4B-00C04F79EFBC}") = "Swachify.Application", "src\Swachify.Application\Swachify.Application.csproj", "{AE710B87-15DB-D697-7718-D111A10F4C28}"
EndProject
Project("{FAE04EC0-301F-11D3-BF4B-00C04F79EFBC}") = "Swachify.Infrastructure", "src\Swachify.Infrastructure\Swachify.Infrastructure.csproj", "{91C44783-1521-EEAC-EBAE-D91D91F59F60}"
EndProject
Global
	GlobalSection(SolutionConfigurationPlatforms) = preSolution
		Debug|Any CPU = Debug|Any CPU
		Release|Any CPU = Release|Any CPU
	EndGlobalSection
	GlobalSection(ProjectConfigurationPlatforms) = postSolution
		{D522E77A-D5BB-EC85-31D3-4041A01000CC}.Debug|Any CPU.ActiveCfg = Debug|Any CPU
		{D522E77A-D5BB-EC85-31D3-4041A01000CC}.Debug|Any CPU.Build.0 = Debug|Any CPU
		{D522E77A-D5BB-EC85-31D3-4041A01000CC}.Release|Any CPU.ActiveCfg = Release|Any CPU
		{D522E77A-D5BB-EC85-31D3-4041A01000CC}.Release|Any CPU.Build.0 = Release|Any CPU
		{AE710B87-15DB-D697-7718-D111A10F4C28}.Debug|Any CPU.ActiveCfg = Debug|Any CPU
		{AE710B87-15DB-D697-7718-D111A10F4C28}.Debug|Any CPU.Build.0 = Debug|Any CPU
		{AE710B87-15DB-D697-7718-D111A10F4C28}.Release|Any CPU.ActiveCfg = Release|Any CPU
		{AE710B87-15DB-D697-7718-D111A10F4C28}.Release|Any CPU.Build.0 = Release|Any CPU
		{91C44783-1521-EEAC-EBAE-D91D91F59F60}.Debug|Any CPU.ActiveCfg = Debug|Any CPU
		{91C44783-1521-EEAC-EBAE-D91D91F59F60}.Debug|Any CPU.Build.0 = Debug|Any CPU
		{91C44783-1521-EEAC-EBAE-D91D91F59F60}.Release|Any CPU.ActiveCfg = Release|Any CPU
		{91C44783-1521-EEAC-EBAE-D91D91F59F60}.Release|Any CPU.Build.0 = Release|Any CPU
	EndGlobalSection
	GlobalSection(SolutionProperties) = preSolution
		HideSolutionNode = FALSE
	EndGlobalSection
EndGlobal
